
Microsoft Visual Studio Solution File, Format Version 12.00
# Visual Studio Version 17
VisualStudioVersion = 17.14.36414.22 d17.14
MinimumVisualStudioVersion = 10.0.40219.1
Project("{FAE04EC0-301F-11D3-BF4B-00C04F79EFBC}") = "HospitalManagement", "HospitalManagement\HospitalManagement.csproj", "{0B41A434-D0DE-4F81-8BE5-C4756B643787}"
EndProject
Global
	GlobalSection(SolutionConfigurationPlatforms) = preSolution
		Debug|Any CPU = Debug|Any CPU
		Release|Any CPU = Release|Any CPU
	EndGlobalSection
	GlobalSection(ProjectConfigurationPlatforms) = postSolution
		{0B41A434-D0DE-4F81-8BE5-C4756B643787}.Debug|Any CPU.ActiveCfg = Debug|Any CPU
		{0B41A434-D0DE-4F81-8BE5-C4756B643787}.Debug|Any CPU.Build.0 = Debug|Any CPU
		{0B41A434-D0DE-4F81-8BE5-C4756B643787}.Release|Any CPU.ActiveCfg = Release|Any CPU
		{0B41A434-D0DE-4F81-8BE5-C4756B643787}.Release|Any CPU.Build.0 = Release|Any CPU
	EndGlobalSection
	GlobalSection(SolutionProperties) = preSolution
		HideSolutionNode = FALSE
	EndGlobalSection
	GlobalSection(ExtensibilityGlobals) = postSolution
		SolutionGuid = {F8EF703D-EE1C-45DD-BE16-40DA54A8238B}
	EndGlobalSection
EndGlobal
